// !$*UTF8*$!
{
	archiveVersion = 1;
	classes = {
	};
	objectVersion = 46;
	objects = {

/* Begin PBXBuildFile section */
		72001AB21BBE484400F3D1A8 /* Localizable.strings in Resources */ = {isa = PBXBuildFile; fileRef = 72001AB41BBE484400F3D1A8 /* Localizable.strings */; };
		720922801BD87E1900386974 /* ArrayExtension.swift in Sources */ = {isa = PBXBuildFile; fileRef = 7209227F1BD87E1900386974 /* ArrayExtension.swift */; };
		7209986F1BDBEF300007026F /* KTTableViewHeader.swift in Sources */ = {isa = PBXBuildFile; fileRef = 7209986E1BDBEF300007026F /* KTTableViewHeader.swift */; };
		7210A6C41BD3382700EE26CE /* MYIntroductionView.m in Sources */ = {isa = PBXBuildFile; fileRef = 7210A6C11BD3382700EE26CE /* MYIntroductionView.m */; };
		7210A6C51BD3382700EE26CE /* MYIntroductionPanel.m in Sources */ = {isa = PBXBuildFile; fileRef = 7210A6C31BD3382700EE26CE /* MYIntroductionPanel.m */; };
		7210A6CA1BD3413900EE26CE /* SampleImage1.png in Resources */ = {isa = PBXBuildFile; fileRef = 7210A6C81BD3413900EE26CE /* SampleImage1.png */; };
		7210A6CB1BD3413900EE26CE /* SampleImage2.png in Resources */ = {isa = PBXBuildFile; fileRef = 7210A6C91BD3413900EE26CE /* SampleImage2.png */; };
		72126D1C1BD9D0C500D89B35 /* XHPathCover.m in Sources */ = {isa = PBXBuildFile; fileRef = 72126D171BD9D0C500D89B35 /* XHPathCover.m */; };
		72126D1D1BD9D0C500D89B35 /* XHSoundManager.m in Sources */ = {isa = PBXBuildFile; fileRef = 72126D191BD9D0C500D89B35 /* XHSoundManager.m */; };
		72126D1E1BD9D0C500D89B35 /* XHWaterDropRefresh.m in Sources */ = {isa = PBXBuildFile; fileRef = 72126D1B1BD9D0C500D89B35 /* XHWaterDropRefresh.m */; };
		7289FE591BDC09CB00BEB3E2 /* UIImageExtension.swift in Sources */ = {isa = PBXBuildFile; fileRef = 7289FE581BDC09CB00BEB3E2 /* UIImageExtension.swift */; };
		729BBC4D1BE3185000F18F1C /* CircleProgressView.swift in Sources */ = {isa = PBXBuildFile; fileRef = 729BBC4C1BE3185000F18F1C /* CircleProgressView.swift */; };
		72A0C1EE1BBD9E780007B0E2 /* Core.h in Headers */ = {isa = PBXBuildFile; fileRef = 72A0C1ED1BBD9E780007B0E2 /* Core.h */; settings = {ATTRIBUTES = (Public, ); }; };
		72A0C1F51BBD9E790007B0E2 /* Core.framework in Frameworks */ = {isa = PBXBuildFile; fileRef = 72A0C1EB1BBD9E780007B0E2 /* Core.framework */; };
		72A0C1FC1BBD9E790007B0E2 /* CoreTests.swift in Sources */ = {isa = PBXBuildFile; fileRef = 72A0C1FB1BBD9E790007B0E2 /* CoreTests.swift */; };
		72A0C2001BBD9E790007B0E2 /* Core.framework in Frameworks */ = {isa = PBXBuildFile; fileRef = 72A0C1EB1BBD9E780007B0E2 /* Core.framework */; };
		72A0C2011BBD9E790007B0E2 /* Core.framework in Embed Frameworks */ = {isa = PBXBuildFile; fileRef = 72A0C1EB1BBD9E780007B0E2 /* Core.framework */; settings = {ATTRIBUTES = (CodeSignOnCopy, RemoveHeadersOnCopy, ); }; };
		72A0C2091BBD9EA50007B0E2 /* Core.framework in Frameworks */ = {isa = PBXBuildFile; fileRef = 72A0C1EB1BBD9E780007B0E2 /* Core.framework */; };
		72A0C20E1BBD9FCC0007B0E2 /* AEXML.swift in Sources */ = {isa = PBXBuildFile; fileRef = 72A0C20D1BBD9FCC0007B0E2 /* AEXML.swift */; };
		72A0C2141BBD9FDF0007B0E2 /* FloatExtension.swift in Sources */ = {isa = PBXBuildFile; fileRef = 72A0C2101BBD9FDF0007B0E2 /* FloatExtension.swift */; };
		72A0C2151BBD9FDF0007B0E2 /* LocaleExtension.swift in Sources */ = {isa = PBXBuildFile; fileRef = 72A0C2111BBD9FDF0007B0E2 /* LocaleExtension.swift */; };
		72A0C2161BBD9FDF0007B0E2 /* StringExtension.swift in Sources */ = {isa = PBXBuildFile; fileRef = 72A0C2121BBD9FDF0007B0E2 /* StringExtension.swift */; };
		72A0C2171BBD9FDF0007B0E2 /* UIColorExtension.swift in Sources */ = {isa = PBXBuildFile; fileRef = 72A0C2131BBD9FDF0007B0E2 /* UIColorExtension.swift */; };
		72A0C21B1BBD9FE40007B0E2 /* BaseRequest.swift in Sources */ = {isa = PBXBuildFile; fileRef = 72A0C2191BBD9FE40007B0E2 /* BaseRequest.swift */; };
		72A0C21C1BBD9FE40007B0E2 /* CurrencyRequest.swift in Sources */ = {isa = PBXBuildFile; fileRef = 72A0C21A1BBD9FE40007B0E2 /* CurrencyRequest.swift */; };
		72A0C21F1BBD9FEA0007B0E2 /* Currency.swift in Sources */ = {isa = PBXBuildFile; fileRef = 72A0C21E1BBD9FEA0007B0E2 /* Currency.swift */; };
		72A0C2221BBD9FEF0007B0E2 /* UserDefaultDataService.swift in Sources */ = {isa = PBXBuildFile; fileRef = 72A0C2211BBD9FEF0007B0E2 /* UserDefaultDataService.swift */; };
		72A0C2261BBDA0230007B0E2 /* SwiftyJSON.swift in Sources */ = {isa = PBXBuildFile; fileRef = 72A0C2251BBDA0230007B0E2 /* SwiftyJSON.swift */; };
		72ADFBB11BBEECBB00236EBE /* SettingViewController.swift in Sources */ = {isa = PBXBuildFile; fileRef = 72ADFBB01BBEECBB00236EBE /* SettingViewController.swift */; };
		72B3F80B1BCE9281005B8705 /* MainInterface.storyboard in Resources */ = {isa = PBXBuildFile; fileRef = 72B3F80D1BCE9281005B8705 /* MainInterface.storyboard */; };
		72B3F8111BCEA27C005B8705 /* NSDateExtension.swift in Sources */ = {isa = PBXBuildFile; fileRef = 72B3F8101BCEA27C005B8705 /* NSDateExtension.swift */; };
		72BB8F891BBDA2EE0085CF39 /* CurrencyMap.swift in Sources */ = {isa = PBXBuildFile; fileRef = 72BB8F871BBDA2EE0085CF39 /* CurrencyMap.swift */; };
		72BB8F8A1BBDA2EE0085CF39 /* CustomColors.swift in Sources */ = {isa = PBXBuildFile; fileRef = 72BB8F881BBDA2EE0085CF39 /* CustomColors.swift */; };
		72BE1DB21BC023E90052F8EF /* TodaySettingViewController.swift in Sources */ = {isa = PBXBuildFile; fileRef = 72BE1DB11BC023E90052F8EF /* TodaySettingViewController.swift */; };
		72BE1DB41BC025470052F8EF /* WidgetItem.swift in Sources */ = {isa = PBXBuildFile; fileRef = 72BE1DB31BC025470052F8EF /* WidgetItem.swift */; };
		72BE1DB61BC02AA20052F8EF /* TTableViewController.swift in Sources */ = {isa = PBXBuildFile; fileRef = 72BE1DB51BC02AA20052F8EF /* TTableViewController.swift */; };
		72BE1DB81BC02B800052F8EF /* CountryFetchTableView.swift in Sources */ = {isa = PBXBuildFile; fileRef = 72BE1DB71BC02B800052F8EF /* CountryFetchTableView.swift */; };
		72BE1DBA1BC02C430052F8EF /* LoadCountryDataService.swift in Sources */ = {isa = PBXBuildFile; fileRef = 72BE1DB91BC02C430052F8EF /* LoadCountryDataService.swift */; };
		72BE1DBD1BC129A80052F8EF /* Images.xcassets in Resources */ = {isa = PBXBuildFile; fileRef = 72E323061BBA82A500759392 /* Images.xcassets */; };
		72BE1DBF1BC13E330052F8EF /* DoubleExtension.swift in Sources */ = {isa = PBXBuildFile; fileRef = 72BE1DBE1BC13E330052F8EF /* DoubleExtension.swift */; };
		72C5151E1BA5E588003A2A97 /* AppDelegate.swift in Sources */ = {isa = PBXBuildFile; fileRef = 72C5151D1BA5E588003A2A97 /* AppDelegate.swift */; };
		72C515211BA5E588003A2A97 /* ExchangeRate.xcdatamodeld in Sources */ = {isa = PBXBuildFile; fileRef = 72C5151F1BA5E588003A2A97 /* ExchangeRate.xcdatamodeld */; };
		72C5152B1BA5E588003A2A97 /* LaunchScreen.xib in Resources */ = {isa = PBXBuildFile; fileRef = 72C515291BA5E588003A2A97 /* LaunchScreen.xib */; };
		72C515371BA5E588003A2A97 /* ExchangeRateTests.swift in Sources */ = {isa = PBXBuildFile; fileRef = 72C515361BA5E588003A2A97 /* ExchangeRateTests.swift */; };
		72C515471BA5E5C2003A2A97 /* NotificationCenter.framework in Frameworks */ = {isa = PBXBuildFile; fileRef = 72C515461BA5E5C2003A2A97 /* NotificationCenter.framework */; };
		72C5154C1BA5E5C2003A2A97 /* TodayViewController.swift in Sources */ = {isa = PBXBuildFile; fileRef = 72C5154B1BA5E5C2003A2A97 /* TodayViewController.swift */; };
		72C515511BA5E5C2003A2A97 /* SampleKeyboard.appex in Embed App Extensions */ = {isa = PBXBuildFile; fileRef = 72C515441BA5E5C2003A2A97 /* SampleKeyboard.appex */; settings = {ATTRIBUTES = (RemoveHeadersOnCopy, ); }; };
		72CD4FA51BD3E79800335A56 /* IntroductionView.swift in Sources */ = {isa = PBXBuildFile; fileRef = 72CD4FA41BD3E79800335A56 /* IntroductionView.swift */; };
		72E322FF1BBA827B00759392 /* BackgroundHighlightedButton.swift in Sources */ = {isa = PBXBuildFile; fileRef = 72E322FC1BBA827B00759392 /* BackgroundHighlightedButton.swift */; };
		72E323001BBA827B00759392 /* MainTableViewCell.xib in Resources */ = {isa = PBXBuildFile; fileRef = 72E322FD1BBA827B00759392 /* MainTableViewCell.xib */; };
		72E323011BBA827B00759392 /* MainTableViewCell.swift in Sources */ = {isa = PBXBuildFile; fileRef = 72E322FE1BBA827B00759392 /* MainTableViewCell.swift */; };
		72E323031BBA828D00759392 /* MainViewController.swift in Sources */ = {isa = PBXBuildFile; fileRef = 72E323021BBA828D00759392 /* MainViewController.swift */; };
		72E323051BBA829900759392 /* Main.storyboard in Resources */ = {isa = PBXBuildFile; fileRef = 72E323041BBA829900759392 /* Main.storyboard */; };
		72E323071BBA82A500759392 /* Images.xcassets in Resources */ = {isa = PBXBuildFile; fileRef = 72E323061BBA82A500759392 /* Images.xcassets */; };
		72E3230B1BBA82C300759392 /* BackgroundHighlightedButton.swift in Sources */ = {isa = PBXBuildFile; fileRef = 72E3230A1BBA82C300759392 /* BackgroundHighlightedButton.swift */; };
/* End PBXBuildFile section */

/* Begin PBXContainerItemProxy section */
		72A0C1F61BBD9E790007B0E2 /* PBXContainerItemProxy */ = {
			isa = PBXContainerItemProxy;
			containerPortal = 72C515101BA5E588003A2A97 /* Project object */;
			proxyType = 1;
			remoteGlobalIDString = 72A0C1EA1BBD9E780007B0E2;
			remoteInfo = Core;
		};
		72A0C1F81BBD9E790007B0E2 /* PBXContainerItemProxy */ = {
			isa = PBXContainerItemProxy;
			containerPortal = 72C515101BA5E588003A2A97 /* Project object */;
			proxyType = 1;
			remoteGlobalIDString = 72C515171BA5E588003A2A97;
			remoteInfo = ExchangeRate;
		};
		72A0C1FE1BBD9E790007B0E2 /* PBXContainerItemProxy */ = {
			isa = PBXContainerItemProxy;
			containerPortal = 72C515101BA5E588003A2A97 /* Project object */;
			proxyType = 1;
			remoteGlobalIDString = 72A0C1EA1BBD9E780007B0E2;
			remoteInfo = Core;
		};
		72C515311BA5E588003A2A97 /* PBXContainerItemProxy */ = {
			isa = PBXContainerItemProxy;
			containerPortal = 72C515101BA5E588003A2A97 /* Project object */;
			proxyType = 1;
			remoteGlobalIDString = 72C515171BA5E588003A2A97;
			remoteInfo = ExchangeRate;
		};
		72C5154F1BA5E5C2003A2A97 /* PBXContainerItemProxy */ = {
			isa = PBXContainerItemProxy;
			containerPortal = 72C515101BA5E588003A2A97 /* Project object */;
			proxyType = 1;
			remoteGlobalIDString = 72C515431BA5E5C2003A2A97;
			remoteInfo = SampleKeyboard;
		};
/* End PBXContainerItemProxy section */

/* Begin PBXCopyFilesBuildPhase section */
		72A0C2051BBD9E790007B0E2 /* Embed Frameworks */ = {
			isa = PBXCopyFilesBuildPhase;
			buildActionMask = 2147483647;
			dstPath = "";
			dstSubfolderSpec = 10;
			files = (
				72A0C2011BBD9E790007B0E2 /* Core.framework in Embed Frameworks */,
			);
			name = "Embed Frameworks";
			runOnlyForDeploymentPostprocessing = 0;
		};
		72C515551BA5E5C2003A2A97 /* Embed App Extensions */ = {
			isa = PBXCopyFilesBuildPhase;
			buildActionMask = 2147483647;
			dstPath = "";
			dstSubfolderSpec = 13;
			files = (
				72C515511BA5E5C2003A2A97 /* SampleKeyboard.appex in Embed App Extensions */,
			);
			name = "Embed App Extensions";
			runOnlyForDeploymentPostprocessing = 0;
		};
/* End PBXCopyFilesBuildPhase section */

/* Begin PBXFileReference section */
		72001AB31BBE484400F3D1A8 /* en */ = {isa = PBXFileReference; lastKnownFileType = text.plist.strings; name = en; path = en.lproj/Localizable.strings; sourceTree = "<group>"; };
		72001AB51BBE485A00F3D1A8 /* zh-Hant */ = {isa = PBXFileReference; lastKnownFileType = text.plist.strings; name = "zh-Hant"; path = "zh-Hant.lproj/Localizable.strings"; sourceTree = "<group>"; };
		7209227F1BD87E1900386974 /* ArrayExtension.swift */ = {isa = PBXFileReference; fileEncoding = 4; lastKnownFileType = sourcecode.swift; path = ArrayExtension.swift; sourceTree = "<group>"; };
		7209986E1BDBEF300007026F /* KTTableViewHeader.swift */ = {isa = PBXFileReference; fileEncoding = 4; lastKnownFileType = sourcecode.swift; path = KTTableViewHeader.swift; sourceTree = "<group>"; };
		7210A6BF1BD3382600EE26CE /* ExchangeRate-Bridging-Header.h */ = {isa = PBXFileReference; lastKnownFileType = sourcecode.c.h; path = "ExchangeRate-Bridging-Header.h"; sourceTree = "<group>"; };
		7210A6C01BD3382700EE26CE /* MYIntroductionView.h */ = {isa = PBXFileReference; fileEncoding = 4; lastKnownFileType = sourcecode.c.h; path = MYIntroductionView.h; sourceTree = "<group>"; };
		7210A6C11BD3382700EE26CE /* MYIntroductionView.m */ = {isa = PBXFileReference; fileEncoding = 4; lastKnownFileType = sourcecode.c.objc; path = MYIntroductionView.m; sourceTree = "<group>"; };
		7210A6C21BD3382700EE26CE /* MYIntroductionPanel.h */ = {isa = PBXFileReference; fileEncoding = 4; lastKnownFileType = sourcecode.c.h; path = MYIntroductionPanel.h; sourceTree = "<group>"; };
		7210A6C31BD3382700EE26CE /* MYIntroductionPanel.m */ = {isa = PBXFileReference; fileEncoding = 4; lastKnownFileType = sourcecode.c.objc; path = MYIntroductionPanel.m; sourceTree = "<group>"; };
		7210A6C81BD3413900EE26CE /* SampleImage1.png */ = {isa = PBXFileReference; lastKnownFileType = image.png; path = SampleImage1.png; sourceTree = "<group>"; };
		7210A6C91BD3413900EE26CE /* SampleImage2.png */ = {isa = PBXFileReference; lastKnownFileType = image.png; path = SampleImage2.png; sourceTree = "<group>"; };
		72126D161BD9D0C500D89B35 /* XHPathCover.h */ = {isa = PBXFileReference; fileEncoding = 4; lastKnownFileType = sourcecode.c.h; path = XHPathCover.h; sourceTree = "<group>"; };
		72126D171BD9D0C500D89B35 /* XHPathCover.m */ = {isa = PBXFileReference; fileEncoding = 4; lastKnownFileType = sourcecode.c.objc; path = XHPathCover.m; sourceTree = "<group>"; };
		72126D181BD9D0C500D89B35 /* XHSoundManager.h */ = {isa = PBXFileReference; fileEncoding = 4; lastKnownFileType = sourcecode.c.h; path = XHSoundManager.h; sourceTree = "<group>"; };
		72126D191BD9D0C500D89B35 /* XHSoundManager.m */ = {isa = PBXFileReference; fileEncoding = 4; lastKnownFileType = sourcecode.c.objc; path = XHSoundManager.m; sourceTree = "<group>"; };
		72126D1A1BD9D0C500D89B35 /* XHWaterDropRefresh.h */ = {isa = PBXFileReference; fileEncoding = 4; lastKnownFileType = sourcecode.c.h; path = XHWaterDropRefresh.h; sourceTree = "<group>"; };
		72126D1B1BD9D0C500D89B35 /* XHWaterDropRefresh.m */ = {isa = PBXFileReference; fileEncoding = 4; lastKnownFileType = sourcecode.c.objc; path = XHWaterDropRefresh.m; sourceTree = "<group>"; };
		7289FE581BDC09CB00BEB3E2 /* UIImageExtension.swift */ = {isa = PBXFileReference; fileEncoding = 4; lastKnownFileType = sourcecode.swift; path = UIImageExtension.swift; sourceTree = "<group>"; };
		729B13F91BBD8F7A000BDEE6 /* SampleKeyboard.entitlements */ = {isa = PBXFileReference; lastKnownFileType = text.xml; path = SampleKeyboard.entitlements; sourceTree = "<group>"; };
		729B13FA1BBD8F90000BDEE6 /* ExchangeRate.entitlements */ = {isa = PBXFileReference; lastKnownFileType = text.xml; path = ExchangeRate.entitlements; sourceTree = "<group>"; };
		729BBC4C1BE3185000F18F1C /* CircleProgressView.swift */ = {isa = PBXFileReference; fileEncoding = 4; lastKnownFileType = sourcecode.swift; path = CircleProgressView.swift; sourceTree = "<group>"; };
		72A0C1EB1BBD9E780007B0E2 /* Core.framework */ = {isa = PBXFileReference; explicitFileType = wrapper.framework; includeInIndex = 0; path = Core.framework; sourceTree = BUILT_PRODUCTS_DIR; };
		72A0C1ED1BBD9E780007B0E2 /* Core.h */ = {isa = PBXFileReference; lastKnownFileType = sourcecode.c.h; path = Core.h; sourceTree = "<group>"; };
		72A0C1EF1BBD9E780007B0E2 /* Info.plist */ = {isa = PBXFileReference; lastKnownFileType = text.plist.xml; path = Info.plist; sourceTree = "<group>"; };
		72A0C1F41BBD9E790007B0E2 /* CoreTests.xctest */ = {isa = PBXFileReference; explicitFileType = wrapper.cfbundle; includeInIndex = 0; path = CoreTests.xctest; sourceTree = BUILT_PRODUCTS_DIR; };
		72A0C1FB1BBD9E790007B0E2 /* CoreTests.swift */ = {isa = PBXFileReference; lastKnownFileType = sourcecode.swift; path = CoreTests.swift; sourceTree = "<group>"; };
		72A0C1FD1BBD9E790007B0E2 /* Info.plist */ = {isa = PBXFileReference; lastKnownFileType = text.plist.xml; path = Info.plist; sourceTree = "<group>"; };
		72A0C20D1BBD9FCC0007B0E2 /* AEXML.swift */ = {isa = PBXFileReference; fileEncoding = 4; lastKnownFileType = sourcecode.swift; path = AEXML.swift; sourceTree = "<group>"; };
		72A0C2101BBD9FDF0007B0E2 /* FloatExtension.swift */ = {isa = PBXFileReference; fileEncoding = 4; lastKnownFileType = sourcecode.swift; path = FloatExtension.swift; sourceTree = "<group>"; };
		72A0C2111BBD9FDF0007B0E2 /* LocaleExtension.swift */ = {isa = PBXFileReference; fileEncoding = 4; lastKnownFileType = sourcecode.swift; path = LocaleExtension.swift; sourceTree = "<group>"; };
		72A0C2121BBD9FDF0007B0E2 /* StringExtension.swift */ = {isa = PBXFileReference; fileEncoding = 4; lastKnownFileType = sourcecode.swift; path = StringExtension.swift; sourceTree = "<group>"; };
		72A0C2131BBD9FDF0007B0E2 /* UIColorExtension.swift */ = {isa = PBXFileReference; fileEncoding = 4; lastKnownFileType = sourcecode.swift; path = UIColorExtension.swift; sourceTree = "<group>"; };
		72A0C2191BBD9FE40007B0E2 /* BaseRequest.swift */ = {isa = PBXFileReference; fileEncoding = 4; lastKnownFileType = sourcecode.swift; path = BaseRequest.swift; sourceTree = "<group>"; };
		72A0C21A1BBD9FE40007B0E2 /* CurrencyRequest.swift */ = {isa = PBXFileReference; fileEncoding = 4; lastKnownFileType = sourcecode.swift; path = CurrencyRequest.swift; sourceTree = "<group>"; };
		72A0C21E1BBD9FEA0007B0E2 /* Currency.swift */ = {isa = PBXFileReference; fileEncoding = 4; lastKnownFileType = sourcecode.swift; path = Currency.swift; sourceTree = "<group>"; };
		72A0C2211BBD9FEF0007B0E2 /* UserDefaultDataService.swift */ = {isa = PBXFileReference; fileEncoding = 4; lastKnownFileType = sourcecode.swift; path = UserDefaultDataService.swift; sourceTree = "<group>"; };
		72A0C2251BBDA0230007B0E2 /* SwiftyJSON.swift */ = {isa = PBXFileReference; fileEncoding = 4; lastKnownFileType = sourcecode.swift; path = SwiftyJSON.swift; sourceTree = "<group>"; };
		72ADFBB01BBEECBB00236EBE /* SettingViewController.swift */ = {isa = PBXFileReference; fileEncoding = 4; lastKnownFileType = sourcecode.swift; path = SettingViewController.swift; sourceTree = "<group>"; };
		72B3F80F1BCE9284005B8705 /* zh-Hant */ = {isa = PBXFileReference; lastKnownFileType = text.plist.strings; name = "zh-Hant"; path = "zh-Hant.lproj/MainInterface.strings"; sourceTree = "<group>"; };
		72B3F8101BCEA27C005B8705 /* NSDateExtension.swift */ = {isa = PBXFileReference; fileEncoding = 4; lastKnownFileType = sourcecode.swift; path = NSDateExtension.swift; sourceTree = "<group>"; };
		72BB8F871BBDA2EE0085CF39 /* CurrencyMap.swift */ = {isa = PBXFileReference; fileEncoding = 4; lastKnownFileType = sourcecode.swift; path = CurrencyMap.swift; sourceTree = "<group>"; };
		72BB8F881BBDA2EE0085CF39 /* CustomColors.swift */ = {isa = PBXFileReference; fileEncoding = 4; lastKnownFileType = sourcecode.swift; path = CustomColors.swift; sourceTree = "<group>"; };
		72BE1DB11BC023E90052F8EF /* TodaySettingViewController.swift */ = {isa = PBXFileReference; fileEncoding = 4; lastKnownFileType = sourcecode.swift; path = TodaySettingViewController.swift; sourceTree = "<group>"; };
		72BE1DB31BC025470052F8EF /* WidgetItem.swift */ = {isa = PBXFileReference; fileEncoding = 4; lastKnownFileType = sourcecode.swift; path = WidgetItem.swift; sourceTree = "<group>"; };
		72BE1DB51BC02AA20052F8EF /* TTableViewController.swift */ = {isa = PBXFileReference; fileEncoding = 4; lastKnownFileType = sourcecode.swift; path = TTableViewController.swift; sourceTree = "<group>"; };
		72BE1DB71BC02B800052F8EF /* CountryFetchTableView.swift */ = {isa = PBXFileReference; fileEncoding = 4; lastKnownFileType = sourcecode.swift; path = CountryFetchTableView.swift; sourceTree = "<group>"; };
		72BE1DB91BC02C430052F8EF /* LoadCountryDataService.swift */ = {isa = PBXFileReference; fileEncoding = 4; lastKnownFileType = sourcecode.swift; path = LoadCountryDataService.swift; sourceTree = "<group>"; };
		72BE1DBE1BC13E330052F8EF /* DoubleExtension.swift */ = {isa = PBXFileReference; fileEncoding = 4; lastKnownFileType = sourcecode.swift; path = DoubleExtension.swift; sourceTree = "<group>"; };
		72C515181BA5E588003A2A97 /* ExchangeRate.app */ = {isa = PBXFileReference; explicitFileType = wrapper.application; includeInIndex = 0; path = ExchangeRate.app; sourceTree = BUILT_PRODUCTS_DIR; };
		72C5151C1BA5E588003A2A97 /* Info.plist */ = {isa = PBXFileReference; lastKnownFileType = text.plist.xml; path = Info.plist; sourceTree = "<group>"; };
		72C5151D1BA5E588003A2A97 /* AppDelegate.swift */ = {isa = PBXFileReference; lastKnownFileType = sourcecode.swift; path = AppDelegate.swift; sourceTree = "<group>"; };
		72C515201BA5E588003A2A97 /* ExchangeRate.xcdatamodel */ = {isa = PBXFileReference; lastKnownFileType = wrapper.xcdatamodel; path = ExchangeRate.xcdatamodel; sourceTree = "<group>"; };
		72C515301BA5E588003A2A97 /* ExchangeRateTests.xctest */ = {isa = PBXFileReference; explicitFileType = wrapper.cfbundle; includeInIndex = 0; path = ExchangeRateTests.xctest; sourceTree = BUILT_PRODUCTS_DIR; };
		72C515351BA5E588003A2A97 /* Info.plist */ = {isa = PBXFileReference; lastKnownFileType = text.plist.xml; path = Info.plist; sourceTree = "<group>"; };
		72C515361BA5E588003A2A97 /* ExchangeRateTests.swift */ = {isa = PBXFileReference; lastKnownFileType = sourcecode.swift; path = ExchangeRateTests.swift; sourceTree = "<group>"; };
		72C515441BA5E5C2003A2A97 /* SampleKeyboard.appex */ = {isa = PBXFileReference; explicitFileType = "wrapper.app-extension"; includeInIndex = 0; path = SampleKeyboard.appex; sourceTree = BUILT_PRODUCTS_DIR; };
		72C515461BA5E5C2003A2A97 /* NotificationCenter.framework */ = {isa = PBXFileReference; lastKnownFileType = wrapper.framework; name = NotificationCenter.framework; path = System/Library/Frameworks/NotificationCenter.framework; sourceTree = SDKROOT; };
		72C5154A1BA5E5C2003A2A97 /* Info.plist */ = {isa = PBXFileReference; lastKnownFileType = text.plist.xml; path = Info.plist; sourceTree = "<group>"; };
		72C5154B1BA5E5C2003A2A97 /* TodayViewController.swift */ = {isa = PBXFileReference; lastKnownFileType = sourcecode.swift; path = TodayViewController.swift; sourceTree = "<group>"; };
		72CD4FA41BD3E79800335A56 /* IntroductionView.swift */ = {isa = PBXFileReference; fileEncoding = 4; lastKnownFileType = sourcecode.swift; path = IntroductionView.swift; sourceTree = "<group>"; };
		72CD8D631BCFE9E1009D1086 /* zh-Hant */ = {isa = PBXFileReference; lastKnownFileType = file.xib; name = "zh-Hant"; path = "zh-Hant.lproj/LaunchScreen.xib"; sourceTree = "<group>"; };
		72CD8D641BCFE9F5009D1086 /* Base */ = {isa = PBXFileReference; lastKnownFileType = file.storyboard; name = Base; path = Base.lproj/MainInterface.storyboard; sourceTree = "<group>"; };
		72E322FC1BBA827B00759392 /* BackgroundHighlightedButton.swift */ = {isa = PBXFileReference; fileEncoding = 4; lastKnownFileType = sourcecode.swift; path = BackgroundHighlightedButton.swift; sourceTree = "<group>"; };
		72E322FD1BBA827B00759392 /* MainTableViewCell.xib */ = {isa = PBXFileReference; fileEncoding = 4; lastKnownFileType = file.xib; path = MainTableViewCell.xib; sourceTree = "<group>"; };
		72E322FE1BBA827B00759392 /* MainTableViewCell.swift */ = {isa = PBXFileReference; fileEncoding = 4; lastKnownFileType = sourcecode.swift; path = MainTableViewCell.swift; sourceTree = "<group>"; };
		72E323021BBA828D00759392 /* MainViewController.swift */ = {isa = PBXFileReference; fileEncoding = 4; lastKnownFileType = sourcecode.swift; path = MainViewController.swift; sourceTree = "<group>"; };
		72E323041BBA829900759392 /* Main.storyboard */ = {isa = PBXFileReference; fileEncoding = 4; lastKnownFileType = file.storyboard; path = Main.storyboard; sourceTree = "<group>"; };
		72E323061BBA82A500759392 /* Images.xcassets */ = {isa = PBXFileReference; lastKnownFileType = folder.assetcatalog; name = Images.xcassets; path = ExchangeRate/Images.xcassets; sourceTree = "<group>"; };
		72E3230A1BBA82C300759392 /* BackgroundHighlightedButton.swift */ = {isa = PBXFileReference; fileEncoding = 4; lastKnownFileType = sourcecode.swift; path = BackgroundHighlightedButton.swift; sourceTree = "<group>"; };
/* End PBXFileReference section */

/* Begin PBXFrameworksBuildPhase section */
		72A0C1E71BBD9E780007B0E2 /* Frameworks */ = {
			isa = PBXFrameworksBuildPhase;
			buildActionMask = 2147483647;
			files = (
			);
			runOnlyForDeploymentPostprocessing = 0;
		};
		72A0C1F11BBD9E790007B0E2 /* Frameworks */ = {
			isa = PBXFrameworksBuildPhase;
			buildActionMask = 2147483647;
			files = (
				72A0C1F51BBD9E790007B0E2 /* Core.framework in Frameworks */,
			);
			runOnlyForDeploymentPostprocessing = 0;
		};
		72C515151BA5E588003A2A97 /* Frameworks */ = {
			isa = PBXFrameworksBuildPhase;
			buildActionMask = 2147483647;
			files = (
				72A0C2001BBD9E790007B0E2 /* Core.framework in Frameworks */,
			);
			runOnlyForDeploymentPostprocessing = 0;
		};
		72C5152D1BA5E588003A2A97 /* Frameworks */ = {
			isa = PBXFrameworksBuildPhase;
			buildActionMask = 2147483647;
			files = (
			);
			runOnlyForDeploymentPostprocessing = 0;
		};
		72C515411BA5E5C2003A2A97 /* Frameworks */ = {
			isa = PBXFrameworksBuildPhase;
			buildActionMask = 2147483647;
			files = (
				72A0C2091BBD9EA50007B0E2 /* Core.framework in Frameworks */,
				72C515471BA5E5C2003A2A97 /* NotificationCenter.framework in Frameworks */,
			);
			runOnlyForDeploymentPostprocessing = 0;
		};
/* End PBXFrameworksBuildPhase section */

/* Begin PBXGroup section */
		72A0C1EC1BBD9E780007B0E2 /* Core */ = {
			isa = PBXGroup;
			children = (
				72BB8F861BBDA2EE0085CF39 /* Constants */,
				72A0C2201BBD9FEF0007B0E2 /* Services */,
				72A0C21D1BBD9FEA0007B0E2 /* Models */,
				72A0C2181BBD9FE40007B0E2 /* Http */,
				72A0C20F1BBD9FDF0007B0E2 /* Extension */,
				72A0C2251BBDA0230007B0E2 /* SwiftyJSON.swift */,
				72A0C20D1BBD9FCC0007B0E2 /* AEXML.swift */,
				72A0C1ED1BBD9E780007B0E2 /* Core.h */,
				72A0C1EF1BBD9E780007B0E2 /* Info.plist */,
			);
			path = Core;
			sourceTree = "<group>";
		};
		72A0C1FA1BBD9E790007B0E2 /* CoreTests */ = {
			isa = PBXGroup;
			children = (
				72A0C1FB1BBD9E790007B0E2 /* CoreTests.swift */,
				72A0C1FD1BBD9E790007B0E2 /* Info.plist */,
			);
			path = CoreTests;
			sourceTree = "<group>";
		};
		72A0C20F1BBD9FDF0007B0E2 /* Extension */ = {
			isa = PBXGroup;
			children = (
				72BE1DBE1BC13E330052F8EF /* DoubleExtension.swift */,
				72A0C2101BBD9FDF0007B0E2 /* FloatExtension.swift */,
				72A0C2111BBD9FDF0007B0E2 /* LocaleExtension.swift */,
				72A0C2121BBD9FDF0007B0E2 /* StringExtension.swift */,
				72A0C2131BBD9FDF0007B0E2 /* UIColorExtension.swift */,
				72B3F8101BCEA27C005B8705 /* NSDateExtension.swift */,
				7209227F1BD87E1900386974 /* ArrayExtension.swift */,
				7289FE581BDC09CB00BEB3E2 /* UIImageExtension.swift */,
			);
			path = Extension;
			sourceTree = "<group>";
		};
		72A0C2181BBD9FE40007B0E2 /* Http */ = {
			isa = PBXGroup;
			children = (
				72A0C2191BBD9FE40007B0E2 /* BaseRequest.swift */,
				72A0C21A1BBD9FE40007B0E2 /* CurrencyRequest.swift */,
			);
			path = Http;
			sourceTree = "<group>";
		};
		72A0C21D1BBD9FEA0007B0E2 /* Models */ = {
			isa = PBXGroup;
			children = (
				72A0C21E1BBD9FEA0007B0E2 /* Currency.swift */,
				72BE1DB31BC025470052F8EF /* WidgetItem.swift */,
			);
			path = Models;
			sourceTree = "<group>";
		};
		72A0C2201BBD9FEF0007B0E2 /* Services */ = {
			isa = PBXGroup;
			children = (
				72A0C2211BBD9FEF0007B0E2 /* UserDefaultDataService.swift */,
				72BE1DB91BC02C430052F8EF /* LoadCountryDataService.swift */,
			);
			path = Services;
			sourceTree = "<group>";
		};
		72BB8F861BBDA2EE0085CF39 /* Constants */ = {
			isa = PBXGroup;
			children = (
				72BB8F871BBDA2EE0085CF39 /* CurrencyMap.swift */,
				72BB8F881BBDA2EE0085CF39 /* CustomColors.swift */,
			);
			path = Constants;
			sourceTree = "<group>";
		};
		72C5150F1BA5E588003A2A97 = {
			isa = PBXGroup;
			children = (
				72001AB41BBE484400F3D1A8 /* Localizable.strings */,
				72E323061BBA82A500759392 /* Images.xcassets */,
				72C5151A1BA5E588003A2A97 /* ExchangeRate */,
				72C515331BA5E588003A2A97 /* ExchangeRateTests */,
				72C515481BA5E5C2003A2A97 /* SampleKeyboard */,
				72A0C1EC1BBD9E780007B0E2 /* Core */,
				72A0C1FA1BBD9E790007B0E2 /* CoreTests */,
				72C515451BA5E5C2003A2A97 /* Frameworks */,
				72C515191BA5E588003A2A97 /* Products */,
			);
			sourceTree = "<group>";
		};
		72C515191BA5E588003A2A97 /* Products */ = {
			isa = PBXGroup;
			children = (
				72C515181BA5E588003A2A97 /* ExchangeRate.app */,
				72C515301BA5E588003A2A97 /* ExchangeRateTests.xctest */,
				72C515441BA5E5C2003A2A97 /* SampleKeyboard.appex */,
				72A0C1EB1BBD9E780007B0E2 /* Core.framework */,
				72A0C1F41BBD9E790007B0E2 /* CoreTests.xctest */,
			);
			name = Products;
			sourceTree = "<group>";
		};
		72C5151A1BA5E588003A2A97 /* ExchangeRate */ = {
			isa = PBXGroup;
			children = (
				729B13FA1BBD8F90000BDEE6 /* ExchangeRate.entitlements */,
				72E322FB1BBA827400759392 /* Controls */,
				72CD4FA41BD3E79800335A56 /* IntroductionView.swift */,
				72E323021BBA828D00759392 /* MainViewController.swift */,
				72BE1DB11BC023E90052F8EF /* TodaySettingViewController.swift */,
				72ADFBB01BBEECBB00236EBE /* SettingViewController.swift */,
				72BE1DB71BC02B800052F8EF /* CountryFetchTableView.swift */,
				72C5151D1BA5E588003A2A97 /* AppDelegate.swift */,
				72E323041BBA829900759392 /* Main.storyboard */,
				72C515291BA5E588003A2A97 /* LaunchScreen.xib */,
				72C5151F1BA5E588003A2A97 /* ExchangeRate.xcdatamodeld */,
				72C5151B1BA5E588003A2A97 /* Supporting Files */,
				72BE1DB51BC02AA20052F8EF /* TTableViewController.swift */,
			);
			path = ExchangeRate;
			sourceTree = "<group>";
		};
		72C5151B1BA5E588003A2A97 /* Supporting Files */ = {
			isa = PBXGroup;
			children = (
				72C5151C1BA5E588003A2A97 /* Info.plist */,
			);
			name = "Supporting Files";
			sourceTree = "<group>";
		};
		72C515331BA5E588003A2A97 /* ExchangeRateTests */ = {
			isa = PBXGroup;
			children = (
				72C515361BA5E588003A2A97 /* ExchangeRateTests.swift */,
				72C515341BA5E588003A2A97 /* Supporting Files */,
			);
			path = ExchangeRateTests;
			sourceTree = "<group>";
		};
		72C515341BA5E588003A2A97 /* Supporting Files */ = {
			isa = PBXGroup;
			children = (
				72C515351BA5E588003A2A97 /* Info.plist */,
			);
			name = "Supporting Files";
			sourceTree = "<group>";
		};
		72C515451BA5E5C2003A2A97 /* Frameworks */ = {
			isa = PBXGroup;
			children = (
				72C515461BA5E5C2003A2A97 /* NotificationCenter.framework */,
			);
			name = Frameworks;
			sourceTree = "<group>";
		};
		72C515481BA5E5C2003A2A97 /* SampleKeyboard */ = {
			isa = PBXGroup;
			children = (
				729B13F91BBD8F7A000BDEE6 /* SampleKeyboard.entitlements */,
				72B3F80D1BCE9281005B8705 /* MainInterface.storyboard */,
				72E3230A1BBA82C300759392 /* BackgroundHighlightedButton.swift */,
				72C5154B1BA5E5C2003A2A97 /* TodayViewController.swift */,
				72C515491BA5E5C2003A2A97 /* Supporting Files */,
			);
			path = SampleKeyboard;
			sourceTree = "<group>";
		};
		72C515491BA5E5C2003A2A97 /* Supporting Files */ = {
			isa = PBXGroup;
			children = (
				72C5154A1BA5E5C2003A2A97 /* Info.plist */,
			);
			name = "Supporting Files";
			sourceTree = "<group>";
		};
		72E322FB1BBA827400759392 /* Controls */ = {
			isa = PBXGroup;
			children = (
				72126D161BD9D0C500D89B35 /* XHPathCover.h */,
				72126D171BD9D0C500D89B35 /* XHPathCover.m */,
				72126D181BD9D0C500D89B35 /* XHSoundManager.h */,
				72126D191BD9D0C500D89B35 /* XHSoundManager.m */,
				72126D1A1BD9D0C500D89B35 /* XHWaterDropRefresh.h */,
				72126D1B1BD9D0C500D89B35 /* XHWaterDropRefresh.m */,
				7210A6C01BD3382700EE26CE /* MYIntroductionView.h */,
				7210A6C11BD3382700EE26CE /* MYIntroductionView.m */,
				7210A6C21BD3382700EE26CE /* MYIntroductionPanel.h */,
				7210A6C31BD3382700EE26CE /* MYIntroductionPanel.m */,
				72E322FC1BBA827B00759392 /* BackgroundHighlightedButton.swift */,
				72E322FD1BBA827B00759392 /* MainTableViewCell.xib */,
				72E322FE1BBA827B00759392 /* MainTableViewCell.swift */,
				7210A6C81BD3413900EE26CE /* SampleImage1.png */,
				7210A6C91BD3413900EE26CE /* SampleImage2.png */,
				7210A6BF1BD3382600EE26CE /* ExchangeRate-Bridging-Header.h */,
				7209986E1BDBEF300007026F /* KTTableViewHeader.swift */,
				729BBC4C1BE3185000F18F1C /* CircleProgressView.swift */,
			);
			name = Controls;
			sourceTree = "<group>";
		};
/* End PBXGroup section */

/* Begin PBXHeadersBuildPhase section */
		72A0C1E81BBD9E780007B0E2 /* Headers */ = {
			isa = PBXHeadersBuildPhase;
			buildActionMask = 2147483647;
			files = (
				72A0C1EE1BBD9E780007B0E2 /* Core.h in Headers */,
			);
			runOnlyForDeploymentPostprocessing = 0;
		};
/* End PBXHeadersBuildPhase section */

/* Begin PBXNativeTarget section */
		72A0C1EA1BBD9E780007B0E2 /* Core */ = {
			isa = PBXNativeTarget;
			buildConfigurationList = 72A0C2021BBD9E790007B0E2 /* Build configuration list for PBXNativeTarget "Core" */;
			buildPhases = (
				72A0C1E61BBD9E780007B0E2 /* Sources */,
				72A0C1E71BBD9E780007B0E2 /* Frameworks */,
				72A0C1E81BBD9E780007B0E2 /* Headers */,
				72A0C1E91BBD9E780007B0E2 /* Resources */,
			);
			buildRules = (
			);
			dependencies = (
			);
			name = Core;
			productName = Core;
			productReference = 72A0C1EB1BBD9E780007B0E2 /* Core.framework */;
			productType = "com.apple.product-type.framework";
		};
		72A0C1F31BBD9E790007B0E2 /* CoreTests */ = {
			isa = PBXNativeTarget;
			buildConfigurationList = 72A0C2061BBD9E790007B0E2 /* Build configuration list for PBXNativeTarget "CoreTests" */;
			buildPhases = (
				72A0C1F01BBD9E790007B0E2 /* Sources */,
				72A0C1F11BBD9E790007B0E2 /* Frameworks */,
				72A0C1F21BBD9E790007B0E2 /* Resources */,
			);
			buildRules = (
			);
			dependencies = (
				72A0C1F71BBD9E790007B0E2 /* PBXTargetDependency */,
				72A0C1F91BBD9E790007B0E2 /* PBXTargetDependency */,
			);
			name = CoreTests;
			productName = CoreTests;
			productReference = 72A0C1F41BBD9E790007B0E2 /* CoreTests.xctest */;
			productType = "com.apple.product-type.bundle.unit-test";
		};
		72C515171BA5E588003A2A97 /* ExchangeRate */ = {
			isa = PBXNativeTarget;
			buildConfigurationList = 72C5153A1BA5E588003A2A97 /* Build configuration list for PBXNativeTarget "ExchangeRate" */;
			buildPhases = (
				72C515141BA5E588003A2A97 /* Sources */,
				72C515151BA5E588003A2A97 /* Frameworks */,
				72C515161BA5E588003A2A97 /* Resources */,
				72C515551BA5E5C2003A2A97 /* Embed App Extensions */,
				72A0C2051BBD9E790007B0E2 /* Embed Frameworks */,
			);
			buildRules = (
			);
			dependencies = (
				72A0C1FF1BBD9E790007B0E2 /* PBXTargetDependency */,
				72C515501BA5E5C2003A2A97 /* PBXTargetDependency */,
			);
			name = ExchangeRate;
			productName = ExchangeRate;
			productReference = 72C515181BA5E588003A2A97 /* ExchangeRate.app */;
			productType = "com.apple.product-type.application";
		};
		72C5152F1BA5E588003A2A97 /* ExchangeRateTests */ = {
			isa = PBXNativeTarget;
			buildConfigurationList = 72C5153D1BA5E588003A2A97 /* Build configuration list for PBXNativeTarget "ExchangeRateTests" */;
			buildPhases = (
				72C5152C1BA5E588003A2A97 /* Sources */,
				72C5152D1BA5E588003A2A97 /* Frameworks */,
				72C5152E1BA5E588003A2A97 /* Resources */,
			);
			buildRules = (
			);
			dependencies = (
				72C515321BA5E588003A2A97 /* PBXTargetDependency */,
			);
			name = ExchangeRateTests;
			productName = ExchangeRateTests;
			productReference = 72C515301BA5E588003A2A97 /* ExchangeRateTests.xctest */;
			productType = "com.apple.product-type.bundle.unit-test";
		};
		72C515431BA5E5C2003A2A97 /* SampleKeyboard */ = {
			isa = PBXNativeTarget;
			buildConfigurationList = 72C515521BA5E5C2003A2A97 /* Build configuration list for PBXNativeTarget "SampleKeyboard" */;
			buildPhases = (
				72C515401BA5E5C2003A2A97 /* Sources */,
				72C515411BA5E5C2003A2A97 /* Frameworks */,
				72C515421BA5E5C2003A2A97 /* Resources */,
			);
			buildRules = (
			);
			dependencies = (
			);
			name = SampleKeyboard;
			productName = SampleKeyboard;
			productReference = 72C515441BA5E5C2003A2A97 /* SampleKeyboard.appex */;
			productType = "com.apple.product-type.app-extension";
		};
/* End PBXNativeTarget section */

/* Begin PBXProject section */
		72C515101BA5E588003A2A97 /* Project object */ = {
			isa = PBXProject;
			attributes = {
				LastSwiftUpdateCheck = 0700;
				LastUpgradeCheck = 0640;
				ORGANIZATIONNAME = AlexChen;
				TargetAttributes = {
					72A0C1EA1BBD9E780007B0E2 = {
						CreatedOnToolsVersion = 7.0;
						DevelopmentTeam = H9SXKCFCZM;
					};
					72A0C1F31BBD9E790007B0E2 = {
						CreatedOnToolsVersion = 7.0;
						TestTargetID = 72C515171BA5E588003A2A97;
					};
					72C515171BA5E588003A2A97 = {
						CreatedOnToolsVersion = 6.4;
						DevelopmentTeam = H9SXKCFCZM;
						SystemCapabilities = {
							com.apple.ApplicationGroups.iOS = {
								enabled = 1;
							};
						};
					};
					72C5152F1BA5E588003A2A97 = {
						CreatedOnToolsVersion = 6.4;
						TestTargetID = 72C515171BA5E588003A2A97;
					};
					72C515431BA5E5C2003A2A97 = {
						CreatedOnToolsVersion = 6.4;
						DevelopmentTeam = H9SXKCFCZM;
						SystemCapabilities = {
							com.apple.ApplicationGroups.iOS = {
								enabled = 1;
							};
						};
					};
				};
			};
			buildConfigurationList = 72C515131BA5E588003A2A97 /* Build configuration list for PBXProject "ExchangeRate" */;
			compatibilityVersion = "Xcode 3.2";
			developmentRegion = English;
			hasScannedForEncodings = 0;
			knownRegions = (
				en,
				"zh-Hant",
				Base,
			);
			mainGroup = 72C5150F1BA5E588003A2A97;
			productRefGroup = 72C515191BA5E588003A2A97 /* Products */;
			projectDirPath = "";
			projectRoot = "";
			targets = (
				72C515171BA5E588003A2A97 /* ExchangeRate */,
				72C5152F1BA5E588003A2A97 /* ExchangeRateTests */,
				72C515431BA5E5C2003A2A97 /* SampleKeyboard */,
				72A0C1EA1BBD9E780007B0E2 /* Core */,
				72A0C1F31BBD9E790007B0E2 /* CoreTests */,
			);
		};
/* End PBXProject section */

/* Begin PBXResourcesBuildPhase section */
		72A0C1E91BBD9E780007B0E2 /* Resources */ = {
			isa = PBXResourcesBuildPhase;
			buildActionMask = 2147483647;
			files = (
			);
			runOnlyForDeploymentPostprocessing = 0;
		};
		72A0C1F21BBD9E790007B0E2 /* Resources */ = {
			isa = PBXResourcesBuildPhase;
			buildActionMask = 2147483647;
			files = (
			);
			runOnlyForDeploymentPostprocessing = 0;
		};
		72C515161BA5E588003A2A97 /* Resources */ = {
			isa = PBXResourcesBuildPhase;
			buildActionMask = 2147483647;
			files = (
				72001AB21BBE484400F3D1A8 /* Localizable.strings in Resources */,
				72C5152B1BA5E588003A2A97 /* LaunchScreen.xib in Resources */,
				7210A6CB1BD3413900EE26CE /* SampleImage2.png in Resources */,
				72E323071BBA82A500759392 /* Images.xcassets in Resources */,
				7210A6CA1BD3413900EE26CE /* SampleImage1.png in Resources */,
				72E323001BBA827B00759392 /* MainTableViewCell.xib in Resources */,
				72E323051BBA829900759392 /* Main.storyboard in Resources */,
			);
			runOnlyForDeploymentPostprocessing = 0;
		};
		72C5152E1BA5E588003A2A97 /* Resources */ = {
			isa = PBXResourcesBuildPhase;
			buildActionMask = 2147483647;
			files = (
			);
			runOnlyForDeploymentPostprocessing = 0;
		};
		72C515421BA5E5C2003A2A97 /* Resources */ = {
			isa = PBXResourcesBuildPhase;
			buildActionMask = 2147483647;
			files = (
				72B3F80B1BCE9281005B8705 /* MainInterface.storyboard in Resources */,
				72BE1DBD1BC129A80052F8EF /* Images.xcassets in Resources */,
			);
			runOnlyForDeploymentPostprocessing = 0;
		};
/* End PBXResourcesBuildPhase section */

/* Begin PBXSourcesBuildPhase section */
		72A0C1E61BBD9E780007B0E2 /* Sources */ = {
			isa = PBXSourcesBuildPhase;
			buildActionMask = 2147483647;
			files = (
				72BE1DBF1BC13E330052F8EF /* DoubleExtension.swift in Sources */,
				720922801BD87E1900386974 /* ArrayExtension.swift in Sources */,
				72A0C2161BBD9FDF0007B0E2 /* StringExtension.swift in Sources */,
				72A0C2141BBD9FDF0007B0E2 /* FloatExtension.swift in Sources */,
				72A0C21B1BBD9FE40007B0E2 /* BaseRequest.swift in Sources */,
				7289FE591BDC09CB00BEB3E2 /* UIImageExtension.swift in Sources */,
				72A0C2261BBDA0230007B0E2 /* SwiftyJSON.swift in Sources */,
				72A0C2171BBD9FDF0007B0E2 /* UIColorExtension.swift in Sources */,
				72A0C2221BBD9FEF0007B0E2 /* UserDefaultDataService.swift in Sources */,
				72BE1DB41BC025470052F8EF /* WidgetItem.swift in Sources */,
				72A0C21F1BBD9FEA0007B0E2 /* Currency.swift in Sources */,
				72A0C2151BBD9FDF0007B0E2 /* LocaleExtension.swift in Sources */,
				72BB8F891BBDA2EE0085CF39 /* CurrencyMap.swift in Sources */,
				72BE1DBA1BC02C430052F8EF /* LoadCountryDataService.swift in Sources */,
				72B3F8111BCEA27C005B8705 /* NSDateExtension.swift in Sources */,
				72A0C21C1BBD9FE40007B0E2 /* CurrencyRequest.swift in Sources */,
				72BB8F8A1BBDA2EE0085CF39 /* CustomColors.swift in Sources */,
				72A0C20E1BBD9FCC0007B0E2 /* AEXML.swift in Sources */,
			);
			runOnlyForDeploymentPostprocessing = 0;
		};
		72A0C1F01BBD9E790007B0E2 /* Sources */ = {
			isa = PBXSourcesBuildPhase;
			buildActionMask = 2147483647;
			files = (
				72A0C1FC1BBD9E790007B0E2 /* CoreTests.swift in Sources */,
			);
			runOnlyForDeploymentPostprocessing = 0;
		};
		72C515141BA5E588003A2A97 /* Sources */ = {
			isa = PBXSourcesBuildPhase;
			buildActionMask = 2147483647;
			files = (
				72BE1DB61BC02AA20052F8EF /* TTableViewController.swift in Sources */,
				72E323011BBA827B00759392 /* MainTableViewCell.swift in Sources */,
				72126D1C1BD9D0C500D89B35 /* XHPathCover.m in Sources */,
				7210A6C51BD3382700EE26CE /* MYIntroductionPanel.m in Sources */,
				72BE1DB81BC02B800052F8EF /* CountryFetchTableView.swift in Sources */,
				72126D1E1BD9D0C500D89B35 /* XHWaterDropRefresh.m in Sources */,
				729BBC4D1BE3185000F18F1C /* CircleProgressView.swift in Sources */,
				72BE1DB21BC023E90052F8EF /* TodaySettingViewController.swift in Sources */,
				72126D1D1BD9D0C500D89B35 /* XHSoundManager.m in Sources */,
				7210A6C41BD3382700EE26CE /* MYIntroductionView.m in Sources */,
				72E322FF1BBA827B00759392 /* BackgroundHighlightedButton.swift in Sources */,
				72C515211BA5E588003A2A97 /* ExchangeRate.xcdatamodeld in Sources */,
				72E323031BBA828D00759392 /* MainViewController.swift in Sources */,
				72C5151E1BA5E588003A2A97 /* AppDelegate.swift in Sources */,
				7209986F1BDBEF300007026F /* KTTableViewHeader.swift in Sources */,
				72CD4FA51BD3E79800335A56 /* IntroductionView.swift in Sources */,
				72ADFBB11BBEECBB00236EBE /* SettingViewController.swift in Sources */,
			);
			runOnlyForDeploymentPostprocessing = 0;
		};
		72C5152C1BA5E588003A2A97 /* Sources */ = {
			isa = PBXSourcesBuildPhase;
			buildActionMask = 2147483647;
			files = (
				72C515371BA5E588003A2A97 /* ExchangeRateTests.swift in Sources */,
			);
			runOnlyForDeploymentPostprocessing = 0;
		};
		72C515401BA5E5C2003A2A97 /* Sources */ = {
			isa = PBXSourcesBuildPhase;
			buildActionMask = 2147483647;
			files = (
				72E3230B1BBA82C300759392 /* BackgroundHighlightedButton.swift in Sources */,
				72C5154C1BA5E5C2003A2A97 /* TodayViewController.swift in Sources */,
			);
			runOnlyForDeploymentPostprocessing = 0;
		};
/* End PBXSourcesBuildPhase section */

/* Begin PBXTargetDependency section */
		72A0C1F71BBD9E790007B0E2 /* PBXTargetDependency */ = {
			isa = PBXTargetDependency;
			target = 72A0C1EA1BBD9E780007B0E2 /* Core */;
			targetProxy = 72A0C1F61BBD9E790007B0E2 /* PBXContainerItemProxy */;
		};
		72A0C1F91BBD9E790007B0E2 /* PBXTargetDependency */ = {
			isa = PBXTargetDependency;
			target = 72C515171BA5E588003A2A97 /* ExchangeRate */;
			targetProxy = 72A0C1F81BBD9E790007B0E2 /* PBXContainerItemProxy */;
		};
		72A0C1FF1BBD9E790007B0E2 /* PBXTargetDependency */ = {
			isa = PBXTargetDependency;
			target = 72A0C1EA1BBD9E780007B0E2 /* Core */;
			targetProxy = 72A0C1FE1BBD9E790007B0E2 /* PBXContainerItemProxy */;
		};
		72C515321BA5E588003A2A97 /* PBXTargetDependency */ = {
			isa = PBXTargetDependency;
			target = 72C515171BA5E588003A2A97 /* ExchangeRate */;
			targetProxy = 72C515311BA5E588003A2A97 /* PBXContainerItemProxy */;
		};
		72C515501BA5E5C2003A2A97 /* PBXTargetDependency */ = {
			isa = PBXTargetDependency;
			target = 72C515431BA5E5C2003A2A97 /* SampleKeyboard */;
			targetProxy = 72C5154F1BA5E5C2003A2A97 /* PBXContainerItemProxy */;
		};
/* End PBXTargetDependency section */

/* Begin PBXVariantGroup section */
		72001AB41BBE484400F3D1A8 /* Localizable.strings */ = {
			isa = PBXVariantGroup;
			children = (
				72001AB31BBE484400F3D1A8 /* en */,
				72001AB51BBE485A00F3D1A8 /* zh-Hant */,
			);
			name = Localizable.strings;
			sourceTree = "<group>";
		};
		72B3F80D1BCE9281005B8705 /* MainInterface.storyboard */ = {
			isa = PBXVariantGroup;
			children = (
				72B3F80F1BCE9284005B8705 /* zh-Hant */,
				72CD8D641BCFE9F5009D1086 /* Base */,
			);
			name = MainInterface.storyboard;
			sourceTree = "<group>";
		};
		72C515291BA5E588003A2A97 /* LaunchScreen.xib */ = {
			isa = PBXVariantGroup;
			children = (
				72CD8D631BCFE9E1009D1086 /* zh-Hant */,
			);
			name = LaunchScreen.xib;
			sourceTree = "<group>";
		};
/* End PBXVariantGroup section */

/* Begin XCBuildConfiguration section */
		72A0C2031BBD9E790007B0E2 /* Debug */ = {
			isa = XCBuildConfiguration;
			buildSettings = {
				CLANG_ENABLE_MODULES = YES;
				CODE_SIGN_IDENTITY = "iPhone Developer";
				"CODE_SIGN_IDENTITY[sdk=iphoneos*]" = "iPhone Developer";
				CURRENT_PROJECT_VERSION = 1;
				DEBUG_INFORMATION_FORMAT = dwarf;
				DEFINES_MODULE = YES;
				DYLIB_COMPATIBILITY_VERSION = 1;
				DYLIB_CURRENT_VERSION = 1;
				DYLIB_INSTALL_NAME_BASE = "@rpath";
				ENABLE_TESTABILITY = YES;
				INFOPLIST_FILE = Core/Info.plist;
				INSTALL_PATH = "$(LOCAL_LIBRARY_DIR)/Frameworks";
				IPHONEOS_DEPLOYMENT_TARGET = 8.4;
				LD_RUNPATH_SEARCH_PATHS = "$(inherited) @executable_path/Frameworks @loader_path/Frameworks";
				PRODUCT_BUNDLE_IDENTIFIER = AlexChen.Core;
				PRODUCT_NAME = "$(TARGET_NAME)";
				SKIP_INSTALL = YES;
				SWIFT_OPTIMIZATION_LEVEL = "-Onone";
				TARGETED_DEVICE_FAMILY = "1,2";
				VERSIONING_SYSTEM = "apple-generic";
				VERSION_INFO_PREFIX = "";
			};
			name = Debug;
		};
		72A0C2041BBD9E790007B0E2 /* Release */ = {
			isa = XCBuildConfiguration;
			buildSettings = {
				CLANG_ENABLE_MODULES = YES;
				CODE_SIGN_IDENTITY = "iPhone Developer";
				"CODE_SIGN_IDENTITY[sdk=iphoneos*]" = "iPhone Developer";
				CURRENT_PROJECT_VERSION = 1;
				DEFINES_MODULE = YES;
				DYLIB_COMPATIBILITY_VERSION = 1;
				DYLIB_CURRENT_VERSION = 1;
				DYLIB_INSTALL_NAME_BASE = "@rpath";
				INFOPLIST_FILE = Core/Info.plist;
				INSTALL_PATH = "$(LOCAL_LIBRARY_DIR)/Frameworks";
				IPHONEOS_DEPLOYMENT_TARGET = 8.4;
				LD_RUNPATH_SEARCH_PATHS = "$(inherited) @executable_path/Frameworks @loader_path/Frameworks";
				PRODUCT_BUNDLE_IDENTIFIER = AlexChen.Core;
				PRODUCT_NAME = "$(TARGET_NAME)";
				SKIP_INSTALL = YES;
				TARGETED_DEVICE_FAMILY = "1,2";
				VERSIONING_SYSTEM = "apple-generic";
				VERSION_INFO_PREFIX = "";
			};
			name = Release;
		};
		72A0C2071BBD9E790007B0E2 /* Debug */ = {
			isa = XCBuildConfiguration;
			buildSettings = {
				DEBUG_INFORMATION_FORMAT = dwarf;
				ENABLE_TESTABILITY = YES;
				INFOPLIST_FILE = CoreTests/Info.plist;
				IPHONEOS_DEPLOYMENT_TARGET = 9.0;
				LD_RUNPATH_SEARCH_PATHS = "$(inherited) @executable_path/Frameworks @loader_path/Frameworks";
				PRODUCT_BUNDLE_IDENTIFIER = AlexChen.CoreTests;
				PRODUCT_NAME = "$(TARGET_NAME)";
				TEST_HOST = "$(BUILT_PRODUCTS_DIR)/ExchangeRate.app/ExchangeRate";
			};
			name = Debug;
		};
		72A0C2081BBD9E790007B0E2 /* Release */ = {
			isa = XCBuildConfiguration;
			buildSettings = {
				INFOPLIST_FILE = CoreTests/Info.plist;
				IPHONEOS_DEPLOYMENT_TARGET = 9.0;
				LD_RUNPATH_SEARCH_PATHS = "$(inherited) @executable_path/Frameworks @loader_path/Frameworks";
				PRODUCT_BUNDLE_IDENTIFIER = AlexChen.CoreTests;
				PRODUCT_NAME = "$(TARGET_NAME)";
				TEST_HOST = "$(BUILT_PRODUCTS_DIR)/ExchangeRate.app/ExchangeRate";
			};
			name = Release;
		};
		72C515381BA5E588003A2A97 /* Debug */ = {
			isa = XCBuildConfiguration;
			buildSettings = {
				ALWAYS_SEARCH_USER_PATHS = NO;
				CLANG_CXX_LANGUAGE_STANDARD = "gnu++0x";
				CLANG_CXX_LIBRARY = "libc++";
				CLANG_ENABLE_MODULES = YES;
				CLANG_ENABLE_OBJC_ARC = YES;
				CLANG_WARN_BOOL_CONVERSION = YES;
				CLANG_WARN_CONSTANT_CONVERSION = YES;
				CLANG_WARN_DIRECT_OBJC_ISA_USAGE = YES_ERROR;
				CLANG_WARN_EMPTY_BODY = YES;
				CLANG_WARN_ENUM_CONVERSION = YES;
				CLANG_WARN_INT_CONVERSION = YES;
				CLANG_WARN_OBJC_ROOT_CLASS = YES_ERROR;
				CLANG_WARN_UNREACHABLE_CODE = YES;
				CLANG_WARN__DUPLICATE_METHOD_MATCH = YES;
				"CODE_SIGN_IDENTITY[sdk=iphoneos*]" = "iPhone Developer";
				COPY_PHASE_STRIP = NO;
				DEBUG_INFORMATION_FORMAT = "dwarf-with-dsym";
				ENABLE_STRICT_OBJC_MSGSEND = YES;
				GCC_C_LANGUAGE_STANDARD = gnu99;
				GCC_DYNAMIC_NO_PIC = NO;
				GCC_NO_COMMON_BLOCKS = YES;
				GCC_OPTIMIZATION_LEVEL = 0;
				GCC_PREPROCESSOR_DEFINITIONS = (
					"DEBUG=1",
					"$(inherited)",
				);
				GCC_SYMBOLS_PRIVATE_EXTERN = NO;
				GCC_WARN_64_TO_32_BIT_CONVERSION = YES;
				GCC_WARN_ABOUT_RETURN_TYPE = YES_ERROR;
				GCC_WARN_UNDECLARED_SELECTOR = YES;
				GCC_WARN_UNINITIALIZED_AUTOS = YES_AGGRESSIVE;
				GCC_WARN_UNUSED_FUNCTION = YES;
				GCC_WARN_UNUSED_VARIABLE = YES;
				IPHONEOS_DEPLOYMENT_TARGET = 9.0;
				MTL_ENABLE_DEBUG_INFO = YES;
				ONLY_ACTIVE_ARCH = YES;
				SDKROOT = iphoneos;
				SWIFT_OPTIMIZATION_LEVEL = "-Onone";
			};
			name = Debug;
		};
		72C515391BA5E588003A2A97 /* Release */ = {
			isa = XCBuildConfiguration;
			buildSettings = {
				ALWAYS_SEARCH_USER_PATHS = NO;
				CLANG_CXX_LANGUAGE_STANDARD = "gnu++0x";
				CLANG_CXX_LIBRARY = "libc++";
				CLANG_ENABLE_MODULES = YES;
				CLANG_ENABLE_OBJC_ARC = YES;
				CLANG_WARN_BOOL_CONVERSION = YES;
				CLANG_WARN_CONSTANT_CONVERSION = YES;
				CLANG_WARN_DIRECT_OBJC_ISA_USAGE = YES_ERROR;
				CLANG_WARN_EMPTY_BODY = YES;
				CLANG_WARN_ENUM_CONVERSION = YES;
				CLANG_WARN_INT_CONVERSION = YES;
				CLANG_WARN_OBJC_ROOT_CLASS = YES_ERROR;
				CLANG_WARN_UNREACHABLE_CODE = YES;
				CLANG_WARN__DUPLICATE_METHOD_MATCH = YES;
				"CODE_SIGN_IDENTITY[sdk=iphoneos*]" = "iPhone Developer";
				COPY_PHASE_STRIP = NO;
				DEBUG_INFORMATION_FORMAT = "dwarf-with-dsym";
				ENABLE_NS_ASSERTIONS = NO;
				ENABLE_STRICT_OBJC_MSGSEND = YES;
				GCC_C_LANGUAGE_STANDARD = gnu99;
				GCC_NO_COMMON_BLOCKS = YES;
				GCC_WARN_64_TO_32_BIT_CONVERSION = YES;
				GCC_WARN_ABOUT_RETURN_TYPE = YES_ERROR;
				GCC_WARN_UNDECLARED_SELECTOR = YES;
				GCC_WARN_UNINITIALIZED_AUTOS = YES_AGGRESSIVE;
				GCC_WARN_UNUSED_FUNCTION = YES;
				GCC_WARN_UNUSED_VARIABLE = YES;
				IPHONEOS_DEPLOYMENT_TARGET = 9.0;
				MTL_ENABLE_DEBUG_INFO = NO;
				SDKROOT = iphoneos;
				VALIDATE_PRODUCT = YES;
			};
			name = Release;
		};
		72C5153B1BA5E588003A2A97 /* Debug */ = {
			isa = XCBuildConfiguration;
			buildSettings = {
				ASSETCATALOG_COMPILER_APPICON_NAME = AppIcon;
				CLANG_ENABLE_MODULES = YES;
				CODE_SIGN_ENTITLEMENTS = ExchangeRate/ExchangeRate.entitlements;
				CODE_SIGN_IDENTITY = "iPhone Developer";
				"CODE_SIGN_IDENTITY[sdk=iphoneos*]" = "iPhone Developer";
				EMBEDDED_CONTENT_CONTAINS_SWIFT = YES;
				INFOPLIST_FILE = ExchangeRate/Info.plist;
				IPHONEOS_DEPLOYMENT_TARGET = 9.0;
				LD_RUNPATH_SEARCH_PATHS = "$(inherited) @executable_path/Frameworks";
				PRODUCT_NAME = "$(TARGET_NAME)";
				PROVISIONING_PROFILE = "";
				SWIFT_OBJC_BRIDGING_HEADER = "ExchangeRate/ExchangeRate-Bridging-Header.h";
				SWIFT_OPTIMIZATION_LEVEL = "-Onone";
				TARGETED_DEVICE_FAMILY = 1;
			};
			name = Debug;
		};
		72C5153C1BA5E588003A2A97 /* Release */ = {
			isa = XCBuildConfiguration;
			buildSettings = {
				ASSETCATALOG_COMPILER_APPICON_NAME = AppIcon;
				CLANG_ENABLE_MODULES = YES;
				CODE_SIGN_ENTITLEMENTS = ExchangeRate/ExchangeRate.entitlements;
				CODE_SIGN_IDENTITY = "iPhone Developer";
				"CODE_SIGN_IDENTITY[sdk=iphoneos*]" = "iPhone Developer";
				EMBEDDED_CONTENT_CONTAINS_SWIFT = YES;
				INFOPLIST_FILE = ExchangeRate/Info.plist;
				IPHONEOS_DEPLOYMENT_TARGET = 9.0;
				LD_RUNPATH_SEARCH_PATHS = "$(inherited) @executable_path/Frameworks";
				PRODUCT_NAME = "$(TARGET_NAME)";
				PROVISIONING_PROFILE = "";
				SWIFT_OBJC_BRIDGING_HEADER = "ExchangeRate/ExchangeRate-Bridging-Header.h";
				TARGETED_DEVICE_FAMILY = 1;
			};
			name = Release;
		};
		72C5153E1BA5E588003A2A97 /* Debug */ = {
			isa = XCBuildConfiguration;
			buildSettings = {
				BUNDLE_LOADER = "$(TEST_HOST)";
				FRAMEWORK_SEARCH_PATHS = (
					"$(SDKROOT)/Developer/Library/Frameworks",
					"$(inherited)",
				);
				GCC_PREPROCESSOR_DEFINITIONS = (
					"DEBUG=1",
					"$(inherited)",
				);
				INFOPLIST_FILE = ExchangeRateTests/Info.plist;
				LD_RUNPATH_SEARCH_PATHS = "$(inherited) @executable_path/Frameworks @loader_path/Frameworks";
				PRODUCT_NAME = "$(TARGET_NAME)";
				TEST_HOST = "$(BUILT_PRODUCTS_DIR)/ExchangeRate.app/ExchangeRate";
			};
			name = Debug;
		};
		72C5153F1BA5E588003A2A97 /* Release */ = {
			isa = XCBuildConfiguration;
			buildSettings = {
				BUNDLE_LOADER = "$(TEST_HOST)";
				FRAMEWORK_SEARCH_PATHS = (
					"$(SDKROOT)/Developer/Library/Frameworks",
					"$(inherited)",
				);
				INFOPLIST_FILE = ExchangeRateTests/Info.plist;
				LD_RUNPATH_SEARCH_PATHS = "$(inherited) @executable_path/Frameworks @loader_path/Frameworks";
				PRODUCT_NAME = "$(TARGET_NAME)";
				TEST_HOST = "$(BUILT_PRODUCTS_DIR)/ExchangeRate.app/ExchangeRate";
			};
			name = Release;
		};
		72C515531BA5E5C2003A2A97 /* Debug */ = {
			isa = XCBuildConfiguration;
			buildSettings = {
				CODE_SIGN_ENTITLEMENTS = SampleKeyboard/SampleKeyboard.entitlements;
				CODE_SIGN_IDENTITY = "iPhone Developer";
				"CODE_SIGN_IDENTITY[sdk=iphoneos*]" = "iPhone Developer";
				GCC_PREPROCESSOR_DEFINITIONS = (
					"DEBUG=1",
					"$(inherited)",
				);
				INFOPLIST_FILE = SampleKeyboard/Info.plist;
				IPHONEOS_DEPLOYMENT_TARGET = 9.0;
				LD_RUNPATH_SEARCH_PATHS = "$(inherited) @executable_path/Frameworks @executable_path/../../Frameworks";
				PRODUCT_NAME = "$(TARGET_NAME)";
				PROVISIONING_PROFILE = "";
				SKIP_INSTALL = YES;
				TARGETED_DEVICE_FAMILY = 1;
			};
			name = Debug;
		};
		72C515541BA5E5C2003A2A97 /* Release */ = {
			isa = XCBuildConfiguration;
			buildSettings = {
				CODE_SIGN_ENTITLEMENTS = SampleKeyboard/SampleKeyboard.entitlements;
				CODE_SIGN_IDENTITY = "iPhone Developer";
				"CODE_SIGN_IDENTITY[sdk=iphoneos*]" = "iPhone Developer";
				INFOPLIST_FILE = SampleKeyboard/Info.plist;
				IPHONEOS_DEPLOYMENT_TARGET = 9.0;
				LD_RUNPATH_SEARCH_PATHS = "$(inherited) @executable_path/Frameworks @executable_path/../../Frameworks";
				PRODUCT_NAME = "$(TARGET_NAME)";
				PROVISIONING_PROFILE = "";
				SKIP_INSTALL = YES;
				TARGETED_DEVICE_FAMILY = 1;
			};
			name = Release;
		};
/* End XCBuildConfiguration section */

/* Begin XCConfigurationList section */
		72A0C2021BBD9E790007B0E2 /* Build configuration list for PBXNativeTarget "Core" */ = {
			isa = XCConfigurationList;
			buildConfigurations = (
				72A0C2031BBD9E790007B0E2 /* Debug */,
				72A0C2041BBD9E790007B0E2 /* Release */,
			);
			defaultConfigurationIsVisible = 0;
			defaultConfigurationName = Debug;
		};
		72A0C2061BBD9E790007B0E2 /* Build configuration list for PBXNativeTarget "CoreTests" */ = {
			isa = XCConfigurationList;
			buildConfigurations = (
				72A0C2071BBD9E790007B0E2 /* Debug */,
				72A0C2081BBD9E790007B0E2 /* Release */,
			);
			defaultConfigurationIsVisible = 0;
			defaultConfigurationName = Debug;
		};
		72C515131BA5E588003A2A97 /* Build configuration list for PBXProject "ExchangeRate" */ = {
			isa = XCConfigurationList;
			buildConfigurations = (
				72C515381BA5E588003A2A97 /* Debug */,
				72C515391BA5E588003A2A97 /* Release */,
			);
			defaultConfigurationIsVisible = 0;
			defaultConfigurationName = Debug;
		};
		72C5153A1BA5E588003A2A97 /* Build configuration list for PBXNativeTarget "ExchangeRate" */ = {
			isa = XCConfigurationList;
			buildConfigurations = (
				72C5153B1BA5E588003A2A97 /* Debug */,
				72C5153C1BA5E588003A2A97 /* Release */,
			);
			defaultConfigurationIsVisible = 0;
			defaultConfigurationName = Debug;
		};
		72C5153D1BA5E588003A2A97 /* Build configuration list for PBXNativeTarget "ExchangeRateTests" */ = {
			isa = XCConfigurationList;
			buildConfigurations = (
				72C5153E1BA5E588003A2A97 /* Debug */,
				72C5153F1BA5E588003A2A97 /* Release */,
			);
			defaultConfigurationIsVisible = 0;
			defaultConfigurationName = Debug;
		};
		72C515521BA5E5C2003A2A97 /* Build configuration list for PBXNativeTarget "SampleKeyboard" */ = {
			isa = XCConfigurationList;
			buildConfigurations = (
				72C515531BA5E5C2003A2A97 /* Debug */,
				72C515541BA5E5C2003A2A97 /* Release */,
			);
			defaultConfigurationIsVisible = 0;
			defaultConfigurationName = Debug;
		};
/* End XCConfigurationList section */

/* Begin XCVersionGroup section */
		72C5151F1BA5E588003A2A97 /* ExchangeRate.xcdatamodeld */ = {
			isa = XCVersionGroup;
			children = (
				72C515201BA5E588003A2A97 /* ExchangeRate.xcdatamodel */,
			);
			currentVersion = 72C515201BA5E588003A2A97 /* ExchangeRate.xcdatamodel */;
			path = ExchangeRate.xcdatamodeld;
			sourceTree = "<group>";
			versionGroupType = wrapper.xcdatamodel;
		};
/* End XCVersionGroup section */
	};
	rootObject = 72C515101BA5E588003A2A97 /* Project object */;
}
